
Microsoft Visual Studio Solution File, Format Version 12.00
# Visual Studio Version 17
VisualStudioVersion = 17.14.36518.9 d17.14
MinimumVisualStudioVersion = 10.0.40219.1
Project("{FAE04EC0-301F-11D3-BF4B-00C04F79EFBC}") = "CursorSelector", "CursorSelector\CursorSelector.csproj", "{CE63E800-1687-4DFB-82C5-034F931835E9}"
EndProject
Global
	GlobalSection(SolutionConfigurationPlatforms) = preSolution
		Debug|Any CPU = Debug|Any CPU
		Release|Any CPU = Release|Any CPU
	EndGlobalSection
	GlobalSection(ProjectConfigurationPlatforms) = postSolution
		{CE63E800-1687-4DFB-82C5-034F931835E9}.Debug|Any CPU.ActiveCfg = Debug|Any CPU
		{CE63E800-1687-4DFB-82C5-034F931835E9}.Debug|Any CPU.Build.0 = Debug|Any CPU
		{CE63E800-1687-4DFB-82C5-034F931835E9}.Release|Any CPU.ActiveCfg = Release|Any CPU
		{CE63E800-1687-4DFB-82C5-034F931835E9}.Release|Any CPU.Build.0 = Release|Any CPU
	EndGlobalSection
	GlobalSection(SolutionProperties) = preSolution
		HideSolutionNode = FALSE
	EndGlobalSection
	GlobalSection(ExtensibilityGlobals) = postSolution
		SolutionGuid = {FBB00111-31FF-4C7C-BB44-7E5C159C3E17}
	EndGlobalSection
EndGlobal
